
Microsoft Visual Studio Solution File, Format Version 12.00
# Visual Studio Version 17
VisualStudioVersion = 17.6.33723.286
MinimumVisualStudioVersion = 10.0.40219.1
Project("{9A19103F-16F7-4668-BE54-9A1E7A4F7556}") = "TechnicalTest.MessageProcessingApp", "TechnicalTest.MessageProcessingApp.csproj", "{147F5EA7-0DFD-407D-B1A4-2E0477DC53AC}"
EndProject
Project("{9A19103F-16F7-4668-BE54-9A1E7A4F7556}") = "TechnicalTest.MessagePublisherApp", "..\TechnicalTest.MessagePublisherApp\TechnicalTest.MessagePublisherApp.csproj", "{6FA8BFF5-CFFC-4B0B-805B-A27D041DFA86}"
EndProject
Global
	GlobalSection(SolutionConfigurationPlatforms) = preSolution
		Debug|Any CPU = Debug|Any CPU
		Release|Any CPU = Release|Any CPU
	EndGlobalSection
	GlobalSection(ProjectConfigurationPlatforms) = postSolution
		{147F5EA7-0DFD-407D-B1A4-2E0477DC53AC}.Debug|Any CPU.ActiveCfg = Debug|Any CPU
		{147F5EA7-0DFD-407D-B1A4-2E0477DC53AC}.Debug|Any CPU.Build.0 = Debug|Any CPU
		{147F5EA7-0DFD-407D-B1A4-2E0477DC53AC}.Release|Any CPU.ActiveCfg = Release|Any CPU
		{147F5EA7-0DFD-407D-B1A4-2E0477DC53AC}.Release|Any CPU.Build.0 = Release|Any CPU
		{6FA8BFF5-CFFC-4B0B-805B-A27D041DFA86}.Debug|Any CPU.ActiveCfg = Debug|Any CPU
		{6FA8BFF5-CFFC-4B0B-805B-A27D041DFA86}.Debug|Any CPU.Build.0 = Debug|Any CPU
		{6FA8BFF5-CFFC-4B0B-805B-A27D041DFA86}.Release|Any CPU.ActiveCfg = Release|Any CPU
		{6FA8BFF5-CFFC-4B0B-805B-A27D041DFA86}.Release|Any CPU.Build.0 = Release|Any CPU
	EndGlobalSection
	GlobalSection(SolutionProperties) = preSolution
		HideSolutionNode = FALSE
	EndGlobalSection
	GlobalSection(ExtensibilityGlobals) = postSolution
		SolutionGuid = {F9BB339F-6A00-492D-9E39-9A16F69BB12D}
	EndGlobalSection
EndGlobal
